
Microsoft Visual Studio Solution File, Format Version 12.00
# Visual Studio Version 17
VisualStudioVersion = 17.6.33801.468
MinimumVisualStudioVersion = 10.0.40219.1
Project("{FAE04EC0-301F-11D3-BF4B-00C04F79EFBC}") = "ConsoleApp", "ConsoleApp\ConsoleApp.csproj", "{84FCFCDC-8C87-4C2C-A84F-1C0B09D00A0C}"
EndProject
Global
	GlobalSection(SolutionConfigurationPlatforms) = preSolution
		Debug|Any CPU = Debug|Any CPU
		Release|Any CPU = Release|Any CPU
	EndGlobalSection
	GlobalSection(ProjectConfigurationPlatforms) = postSolution
		{84FCFCDC-8C87-4C2C-A84F-1C0B09D00A0C}.Debug|Any CPU.ActiveCfg = Debug|Any CPU
		{84FCFCDC-8C87-4C2C-A84F-1C0B09D00A0C}.Debug|Any CPU.Build.0 = Debug|Any CPU
		{84FCFCDC-8C87-4C2C-A84F-1C0B09D00A0C}.Release|Any CPU.ActiveCfg = Release|Any CPU
		{84FCFCDC-8C87-4C2C-A84F-1C0B09D00A0C}.Release|Any CPU.Build.0 = Release|Any CPU
	EndGlobalSection
	GlobalSection(SolutionProperties) = preSolution
		HideSolutionNode = FALSE
	EndGlobalSection
	GlobalSection(ExtensibilityGlobals) = postSolution
		SolutionGuid = {1AA80E6E-1F42-4156-B97F-17571C069E38}
	EndGlobalSection
EndGlobal
